
Microsoft Visual Studio Solution File, Format Version 12.00
# Visual Studio Version 16
VisualStudioVersion = 16.0.32126.315
MinimumVisualStudioVersion = 10.0.40219.1
Project("{FAE04EC0-301F-11D3-BF4B-00C04F79EFBC}") = "WebBack3", "WebBack3.csproj", "{E3F463A6-81E1-44B6-9387-9F801C3C3959}"
EndProject
Global
	GlobalSection(SolutionConfigurationPlatforms) = preSolution
		Debug|Any CPU = Debug|Any CPU
		Release|Any CPU = Release|Any CPU
	EndGlobalSection
	GlobalSection(ProjectConfigurationPlatforms) = postSolution
		{E3F463A6-81E1-44B6-9387-9F801C3C3959}.Debug|Any CPU.ActiveCfg = Debug|Any CPU
		{E3F463A6-81E1-44B6-9387-9F801C3C3959}.Debug|Any CPU.Build.0 = Debug|Any CPU
		{E3F463A6-81E1-44B6-9387-9F801C3C3959}.Release|Any CPU.ActiveCfg = Release|Any CPU
		{E3F463A6-81E1-44B6-9387-9F801C3C3959}.Release|Any CPU.Build.0 = Release|Any CPU
	EndGlobalSection
	GlobalSection(SolutionProperties) = preSolution
		HideSolutionNode = FALSE
	EndGlobalSection
	GlobalSection(ExtensibilityGlobals) = postSolution
		SolutionGuid = {424E2B4F-C39C-4C0C-9389-C428DF597AB2}
	EndGlobalSection
EndGlobal
